<?xml version="1.0" encoding="utf-8"?>
<Project ToolsVersion="4.0" xmlns="http://schemas.microsoft.com/developer/msbuild/2003">
  <ItemGroup>
    <Filter Include="Source Files">
      <UniqueIdentifier>{4FC737F1-C7A5-4376-A066-2A32D752A2FF}</UniqueIdentifier>
      <Extensions>cpp;c;cc;cxx;def;odl;idl;hpj;bat;asm;asmx</Extensions>
    </Filter>
    <Filter Include="Header Files">
      <UniqueIdentifier>{93995380-89BD-4b04-88EB-625FBE52EBFB}</UniqueIdentifier>
      <Extensions>h;hh;hpp;hxx;hm;inl;inc;xsd</Extensions>
    </Filter>
    <Filter Include="Resource Files">
      <UniqueIdentifier>{67DA6AB6-F800-4c08-8B7A-83BB121AAD01}</UniqueIdentifier>
      <Extensions>rc;ico;cur;bmp;dlg;rc2;rct;bin;rgs;gif;jpg;jpeg;jpe;resx;tiff;tif;png;wav;mfcribbon-ms</Extensions>
    </Filter>
    <Filter Include="Source Files\Command">
      <UniqueIdentifier>{c28146e0-736b-4377-9e1b-02ee0e2b6afa}</UniqueIdentifier>
    </Filter>
    <Filter Include="Source Files\State">
      <UniqueIdentifier>{484238ee-c90d-4093-9b23-ee676c6ac4d5}</UniqueIdentifier>
    </Filter>
    <Filter Include="Header Files\Command">
      <UniqueIdentifier>{cd0f8c74-8ad0-41ca-874c-aaf25ea477e9}</UniqueIdentifier>
    </Filter>
    <Filter Include="Header Files\State">
      <UniqueIdentifier>{00f21f5f-b0a1-4e0b-b7c4-a184a5b37fa4}</UniqueIdentifier>
    </Filter>
  </ItemGroup>
  <ItemGroup>
    <None Include="facilitycontroller.ino" />
  </ItemGroup>
  <ItemGroup>
    <ClInclude Include="__vm\.facilitycontroller.vsarduino.h">
      <Filter>Header Files</Filter>
    </ClInclude>
    <ClInclude Include="CarDetectedListener.h">
      <Filter>Header Files</Filter>
    </ClInclude>
    <ClInclude Include="ClientApi.h">
      <Filter>Header Files</Filter>
    </ClInclude>
    <ClInclude Include="Controller.h">
      <Filter>Header Files</Filter>
    </ClInclude>
    <ClInclude Include="EntryGateHelper.h">
      <Filter>Header Files</Filter>
    </ClInclude>
    <ClInclude Include="GateCarDetector.h">
      <Filter>Header Files</Filter>
    </ClInclude>
    <ClInclude Include="Slot.h">
      <Filter>Header Files</Filter>
    </ClInclude>
    <ClInclude Include="SlotConfiguration.h">
      <Filter>Header Files</Filter>
    </ClInclude>
    <ClInclude Include="SlotStatusChangeDetector.h">
      <Filter>Header Files</Filter>
    </ClInclude>
    <ClInclude Include="SlotStatusChangeListener.h">
      <Filter>Header Files</Filter>
    </ClInclude>
    <ClInclude Include="SureParkPinHeader.h">
      <Filter>Header Files</Filter>
    </ClInclude>
    <ClInclude Include="FacilityConfiguration.h">
      <Filter>Header Files</Filter>
    </ClInclude>
    <ClInclude Include="ExitGateHelper.h">
      <Filter>Header Files</Filter>
    </ClInclude>
    <ClInclude Include="MsgQueClient.h">
      <Filter>Header Files</Filter>
    </ClInclude>
    <ClInclude Include="MsgQueClientStatusListener.h">
      <Filter>Header Files</Filter>
    </ClInclude>
    <ClInclude Include="Command.h">
      <Filter>Header Files\Command</Filter>
    </ClInclude>
    <ClInclude Include="CommandFactory.h">
      <Filter>Header Files\Command</Filter>
    </ClInclude>
    <ClInclude Include="CommandReportSlotStatus.h">
      <Filter>Header Files\Command</Filter>
    </ClInclude>
    <ClInclude Include="CommandRequestPayment.h">
      <Filter>Header Files\Command</Filter>
    </ClInclude>
    <ClInclude Include="Pair.h">
      <Filter>Header Files\Command</Filter>
    </ClInclude>
    <ClInclude Include="State.h">
      <Filter>Header Files\State</Filter>
    </ClInclude>
    <ClInclude Include="WatingState.h">
      <Filter>Header Files\State</Filter>
    </ClInclude>
    <ClInclude Include="ParkingState.h">
      <Filter>Header Files\State</Filter>
    </ClInclude>
    <ClInclude Include="LeavingState.h">
      <Filter>Header Files\State</Filter>
    </ClInclude>
    <ClInclude Include="StateChangeListener.h">
      <Filter>Header Files\State</Filter>
    </ClInclude>
    <ClInclude Include="CmdPaymentReq.h">
      <Filter>Header Files\Command</Filter>
    </ClInclude>
    <ClInclude Include="CmdPaymentResp.h">
      <Filter>Header Files\Command</Filter>
    </ClInclude>
    <ClInclude Include="CmdVerifyBookingReq.h">
      <Filter>Header Files\Command</Filter>
    </ClInclude>
    <ClInclude Include="CmdVerifyBookingResp.h">
      <Filter>Header Files\Command</Filter>
    </ClInclude>
    <ClInclude Include="Request.h">
      <Filter>Header Files\Command</Filter>
    </ClInclude>
    <ClInclude Include="Response.h">
      <Filter>Header Files\Command</Filter>
    </ClInclude>
    <ClInclude Include="CmdCarParkedNoti.h">
      <Filter>Header Files\Command</Filter>
    </ClInclude>
    <ClInclude Include="CmdAliveNoti.h">
      <Filter>Header Files\Command</Filter>
    </ClInclude>
    <ClInclude Include="SlotLedController.h">
      <Filter>Header Files</Filter>
    </ClInclude>
    <ClInclude Include="CmdReceiveBookingNumber.h">
      <Filter>Header Files</Filter>
    </ClInclude>
    <ClInclude Include="CmdExceptionNoti.h">
      <Filter>Header Files</Filter>
    </ClInclude>
  </ItemGroup>
  <ItemGroup>
    <ClCompile Include="CarDetectedListener.cpp">
      <Filter>Source Files</Filter>
    </ClCompile>
    <ClCompile Include="ClientApi.cpp">
      <Filter>Source Files</Filter>
    </ClCompile>
    <ClCompile Include="Controller.cpp">
      <Filter>Source Files</Filter>
    </ClCompile>
    <ClCompile Include="EntryGateHelper.cpp">
      <Filter>Source Files</Filter>
    </ClCompile>
    <ClCompile Include="GateCarDetector.cpp">
      <Filter>Source Files</Filter>
    </ClCompile>
    <ClCompile Include="Slot.cpp">
      <Filter>Source Files</Filter>
    </ClCompile>
    <ClCompile Include="SlotStatusChangeDetector.cpp">
      <Filter>Source Files</Filter>
    </ClCompile>
    <ClCompile Include="SlotStatusChangeListener.cpp">
      <Filter>Source Files</Filter>
    </ClCompile>
    <ClCompile Include="ExitGateHelper.cpp">
      <Filter>Source Files</Filter>
    </ClCompile>
    <ClCompile Include="MsgQueClient.cpp">
      <Filter>Source Files</Filter>
    </ClCompile>
    <ClCompile Include="Command.cpp">
      <Filter>Source Files\Command</Filter>
    </ClCompile>
    <ClCompile Include="CommandFactory.cpp">
      <Filter>Source Files\Command</Filter>
    </ClCompile>
    <ClCompile Include="CommandReportSlotStatus.cpp">
      <Filter>Source Files\Command</Filter>
    </ClCompile>
    <ClCompile Include="CommandRequestPayment.cpp">
      <Filter>Source Files\Command</Filter>
    </ClCompile>
    <ClCompile Include="LeavingState.cpp">
      <Filter>Source Files\State</Filter>
    </ClCompile>
    <ClCompile Include="WatingState.cpp">
      <Filter>Source Files\State</Filter>
    </ClCompile>
    <ClCompile Include="StateChangeListener.cpp">
      <Filter>Source Files\State</Filter>
    </ClCompile>
    <ClCompile Include="ParkingState.cpp">
      <Filter>Source Files\State</Filter>
    </ClCompile>
    <ClCompile Include="Pair.cpp">
      <Filter>Source Files\Command</Filter>
    </ClCompile>
    <ClCompile Include="CmdPaymentReq.cpp">
      <Filter>Source Files\Command</Filter>
    </ClCompile>
    <ClCompile Include="CmdPaymentResp.cpp">
      <Filter>Source Files\Command</Filter>
    </ClCompile>
    <ClCompile Include="CmdVerifyBookingReq.cpp">
      <Filter>Source Files\Command</Filter>
    </ClCompile>
    <ClCompile Include="CmdVerifyBookingResp.cpp">
      <Filter>Source Files\Command</Filter>
    </ClCompile>
    <ClCompile Include="CmdCarParkedNoti.cpp">
      <Filter>Source Files\Command</Filter>
    </ClCompile>
    <ClCompile Include="Request.cpp">
      <Filter>Source Files\Command</Filter>
    </ClCompile>
    <ClCompile Include="CmdAliveNoti.cpp">
      <Filter>Source Files\Command</Filter>
    </ClCompile>
    <ClCompile Include="SlotLedController.cpp">
      <Filter>Source Files</Filter>
    </ClCompile>
    <ClCompile Include="CmdExceptionNoti.cpp">
      <Filter>Source Files\Command</Filter>
    </ClCompile>
    <ClCompile Include="CmdReceiveBookingNumber.cpp">
      <Filter>Source Files\Command</Filter>
    </ClCompile>
  </ItemGroup>
</Project>