
Microsoft Visual Studio Solution File, Format Version 10.00
# Visual Studio 2008
Project("{8BC9CEB8-8B4A-11D0-8D11-00A0C91BC942}") = "Mosquitto_Auth_Plugin_Dll", "Mosquitto_Auth_Plugin_Dll\Mosquitto_Auth_Plugin_Dll.vcproj", "{7B867F57-0B95-4350-AEA0-3EE1A44D1D98}"
EndProject
Global
	GlobalSection(SolutionConfigurationPlatforms) = preSolution
		Debug|Win32 = Debug|Win32
		Release|Win32 = Release|Win32
	EndGlobalSection
	GlobalSection(ProjectConfigurationPlatforms) = postSolution
		{7B867F57-0B95-4350-AEA0-3EE1A44D1D98}.Debug|Win32.ActiveCfg = Debug|Win32
		{7B867F57-0B95-4350-AEA0-3EE1A44D1D98}.Debug|Win32.Build.0 = Debug|Win32
		{7B867F57-0B95-4350-AEA0-3EE1A44D1D98}.Release|Win32.ActiveCfg = Release|Win32
		{7B867F57-0B95-4350-AEA0-3EE1A44D1D98}.Release|Win32.Build.0 = Release|Win32
	EndGlobalSection
	GlobalSection(SolutionProperties) = preSolution
		HideSolutionNode = FALSE
	EndGlobalSection
EndGlobal
