<?xml version="1.0" encoding="utf-8"?>
<Project ToolsVersion="4.0" xmlns="http://schemas.microsoft.com/developer/msbuild/2003">
  <ItemGroup>
    <Filter Include="Source Files">
      <UniqueIdentifier>{4FC737F1-C7A5-4376-A066-2A32D752A2FF}</UniqueIdentifier>
      <Extensions>cpp;c;cc;cxx;def;odl;idl;hpj;bat;asm;asmx</Extensions>
    </Filter>
    <Filter Include="Header Files">
      <UniqueIdentifier>{93995380-89BD-4b04-88EB-625FBE52EBFB}</UniqueIdentifier>
      <Extensions>h;hh;hpp;hxx;hm;inl;inc;xsd</Extensions>
    </Filter>
    <Filter Include="Resource Files">
      <UniqueIdentifier>{67DA6AB6-F800-4c08-8B7A-83BB121AAD01}</UniqueIdentifier>
      <Extensions>rc;ico;cur;bmp;dlg;rc2;rct;bin;rgs;gif;jpg;jpeg;jpe;resx;tiff;tif;png;wav;mfcribbon-ms</Extensions>
    </Filter>
  </ItemGroup>
  <ItemGroup>
    <None Include="SureParkFacility2.ino" />
  </ItemGroup>
  <ItemGroup>
    <ClInclude Include="__vm\.SureParkFacility2.vsarduino.h">
      <Filter>Header Files</Filter>
    </ClInclude>
    <ClInclude Include="EntryGate.h">
      <Filter>Header Files</Filter>
    </ClInclude>
    <ClInclude Include="SureParkPinHeader.h">
      <Filter>Header Files</Filter>
    </ClInclude>
    <ClInclude Include="Controller.h">
      <Filter>Header Files</Filter>
    </ClInclude>
    <ClInclude Include="State.h">
      <Filter>Header Files</Filter>
    </ClInclude>
    <ClInclude Include="WatingState.h">
      <Filter>Header Files</Filter>
    </ClInclude>
    <ClInclude Include="ParkingState.h">
      <Filter>Header Files</Filter>
    </ClInclude>
    <ClInclude Include="LeavingState.h">
      <Filter>Header Files</Filter>
    </ClInclude>
    <ClInclude Include="Detectable.h">
      <Filter>Header Files</Filter>
    </ClInclude>
    <ClInclude Include="StateChangeListener.h">
      <Filter>Header Files</Filter>
    </ClInclude>
    <ClInclude Include="NetworkManager.h">
      <Filter>Header Files</Filter>
    </ClInclude>
    <ClInclude Include="ClientApi.h">
      <Filter>Header Files</Filter>
    </ClInclude>
    <ClInclude Include="NetworkManagerListener.h">
      <Filter>Header Files</Filter>
    </ClInclude>
    <ClInclude Include="EntryGateHelper.h">
      <Filter>Header Files</Filter>
    </ClInclude>
  </ItemGroup>
  <ItemGroup>
    <ClCompile Include="EntryGate.cpp">
      <Filter>Source Files</Filter>
    </ClCompile>
    <ClCompile Include="Controller.cpp">
      <Filter>Source Files</Filter>
    </ClCompile>
    <ClCompile Include="State.cpp">
      <Filter>Source Files</Filter>
    </ClCompile>
    <ClCompile Include="WatingState.cpp">
      <Filter>Source Files</Filter>
    </ClCompile>
    <ClCompile Include="ParkingState.cpp">
      <Filter>Source Files</Filter>
    </ClCompile>
    <ClCompile Include="LeavingState.cpp">
      <Filter>Source Files</Filter>
    </ClCompile>
    <ClCompile Include="Detectable.cpp">
      <Filter>Source Files</Filter>
    </ClCompile>
    <ClCompile Include="StateChangeListener.cpp">
      <Filter>Source Files</Filter>
    </ClCompile>
    <ClCompile Include="ClientApi.cpp">
      <Filter>Source Files</Filter>
    </ClCompile>
    <ClCompile Include="NetworkManagerListener.cpp">
      <Filter>Source Files</Filter>
    </ClCompile>
    <ClCompile Include="NetworkManager.cpp">
      <Filter>Source Files</Filter>
    </ClCompile>
    <ClCompile Include="EntryGateHelper.cpp">
      <Filter>Source Files</Filter>
    </ClCompile>
  </ItemGroup>
</Project>